
Microsoft Visual Studio Solution File, Format Version 12.00
#
Project("{2150E333-8FDC-42A3-9474-1A3956D46DE8}") = "src", "src", "{4832FE58-B6BC-480F-BEED-6E1335612A61}"
EndProject
Project("{2150E333-8FDC-42A3-9474-1A3956D46DE8}") = "Services", "Services", "{D1508064-AC1B-473B-B659-E6512671F951}"
EndProject
Project("{2150E333-8FDC-42A3-9474-1A3956D46DE8}") = "tests", "tests", "{6CF03E11-3BA0-4BB5-A893-83A84F085C45}"
EndProject
Project("{2150E333-8FDC-42A3-9474-1A3956D46DE8}") = "Shared", "Shared", "{05AF0B69-02A9-4202-957D-169124B28F88}"
EndProject
Project("{2150E333-8FDC-42A3-9474-1A3956D46DE8}") = "SearchService", "SearchService", "{FCD7E645-90D8-408F-8536-2452F806AE42}"
EndProject
Project("{2150E333-8FDC-42A3-9474-1A3956D46DE8}") = "ListingService", "ListingService", "{879FD142-BFA2-46D3-9C45-922CCBB35E9A}"
EndProject
Project("{FAE04EC0-301F-11D3-BF4B-00C04F79EFBC}") = "Services.Core", "src\Shared\Services.Core\Services.Core.csproj", "{5A2FE364-D5D6-4AA7-AD20-ECE4C30F68BC}"
EndProject
Project("{2150E333-8FDC-42A3-9474-1A3956D46DE8}") = "API", "API", "{37618D48-65B8-4021-9BB6-6540281C5EAE}"
EndProject
Project("{2150E333-8FDC-42A3-9474-1A3956D46DE8}") = "Core", "Core", "{0AC5CFA0-F151-42B6-8BA3-80DA933CC1A9}"
EndProject
Project("{2150E333-8FDC-42A3-9474-1A3956D46DE8}") = "Infrastructure", "Infrastructure", "{7181DC84-84A3-4388-A9B0-F8A21FD608B7}"
EndProject
Project("{2150E333-8FDC-42A3-9474-1A3956D46DE8}") = "API", "API", "{EB8CF818-05FA-4F1B-8B62-2DB3A0AD7EDA}"
EndProject
Project("{2150E333-8FDC-42A3-9474-1A3956D46DE8}") = "Core", "Core", "{0599ADF5-9882-414D-80AE-85A7B57AA716}"
EndProject
Project("{2150E333-8FDC-42A3-9474-1A3956D46DE8}") = "Infrastructure", "Infrastructure", "{813B81E7-1938-4D54-9D47-40D30664E9F6}"
EndProject
Project("{FAE04EC0-301F-11D3-BF4B-00C04F79EFBC}") = "SearchService.Api", "src\Services\SearchService\API\SearchService.Api\SearchService.Api.csproj", "{93E8C719-EF2B-4C2C-A4B6-80A7C155FE9E}"
EndProject
Project("{2150E333-8FDC-42A3-9474-1A3956D46DE8}") = "Functions", "Functions", "{00DDF18F-78A7-4A59-820F-BFE31348E9D0}"
EndProject
Project("{FAE04EC0-301F-11D3-BF4B-00C04F79EFBC}") = "DocumentProcessor", "src\Functions\DocumentProcessor\DocumentProcessor.csproj", "{28013187-CE23-463D-8054-9B63DD088DC3}"
EndProject
Project("{FAE04EC0-301F-11D3-BF4B-00C04F79EFBC}") = "SearchService.Application", "src\Services\SearchService\Core\SearchService.Application\SearchService.Application.csproj", "{F403DCDD-3419-4B57-84D0-6A3346AD6FBF}"
EndProject
Project("{FAE04EC0-301F-11D3-BF4B-00C04F79EFBC}") = "SearchService.Persistence", "src\Services\SearchService\Infrastructure\SearchService.Persistence\SearchService.Persistence.csproj", "{58C10381-425A-4E4A-A9E3-CDA324D2E56C}"
EndProject
Project("{FAE04EC0-301F-11D3-BF4B-00C04F79EFBC}") = "ListingService.Domain", "src\Services\ListingService\Core\ListingService.Domain\ListingService.Domain.csproj", "{B61FA9FE-9C69-486E-A26B-B96B6A5B9A45}"
EndProject
Project("{FAE04EC0-301F-11D3-BF4B-00C04F79EFBC}") = "ListingService.Application", "src\Services\ListingService\Core\ListingService.Application\ListingService.Application.csproj", "{85D7DF77-9C38-4993-8782-8412BAE6C04C}"
EndProject
Project("{FAE04EC0-301F-11D3-BF4B-00C04F79EFBC}") = "ListingService.Persistence", "src\Services\ListingService\Infrastructure\ListingService.Persistence\ListingService.Persistence.csproj", "{EAA8BB1E-3417-4E83-A69D-19442F47F770}"
EndProject
Project("{FAE04EC0-301F-11D3-BF4B-00C04F79EFBC}") = "ListingService.Api", "src\Services\ListingService\API\ListingService.Api\ListingService.Api.csproj", "{ECE8C49A-8C9E-4FE2-9068-7CAFA91B9C4F}"
EndProject
Project("{2150E333-8FDC-42A3-9474-1A3956D46DE8}") = "Demo.IntegrationTests", "Demo.IntegrationTests", "{8FB85E59-1959-4F45-B869-BBDC6BDA5DAB}"
EndProject
Project("{2150E333-8FDC-42A3-9474-1A3956D46DE8}") = "Services", "Services", "{EAF009F9-2140-4C2C-94C5-6BA616E19620}"
EndProject
Project("{2150E333-8FDC-42A3-9474-1A3956D46DE8}") = "Demo.UnitTests", "Demo.UnitTests", "{0DC3BFCD-0EB1-4AB6-9ADC-416C86D74886}"
EndProject
Project("{2150E333-8FDC-42A3-9474-1A3956D46DE8}") = "Services", "Services", "{3C37631E-9F25-4155-AAD5-64F4FB2352D2}"
EndProject
Project("{FAE04EC0-301F-11D3-BF4B-00C04F79EFBC}") = "ListingService.Application.UnitTests", "tests\Demo.UnitTests\Services\ListingService.Application.UnitTests\ListingService.Application.UnitTests.csproj", "{E4A95DEB-39E0-4065-B65B-5D0B3FF7FBD3}"
EndProject
Project("{2150E333-8FDC-42A3-9474-1A3956D46DE8}") = "AuthenticationService", "AuthenticationService", "{41B0319C-9F2B-44E3-BC4D-AE3FD8A6A86E}"
EndProject
Project("{2150E333-8FDC-42A3-9474-1A3956D46DE8}") = "API", "API", "{7152D5B8-E5F2-4E6B-AF55-4BC04112E3B0}"
EndProject
Project("{FAE04EC0-301F-11D3-BF4B-00C04F79EFBC}") = "AuthenticationService.Api", "src\Services\AuthenticationService\API\AuthenticationService.Api\AuthenticationService.Api.csproj", "{FBAFA40F-7086-4D3E-BD4F-4FC53390D013}"
EndProject
Project("{2150E333-8FDC-42A3-9474-1A3956D46DE8}") = "Core", "Core", "{58B84744-0BF6-4E96-9A06-29DCDCA7A7F4}"
EndProject
Project("{FAE04EC0-301F-11D3-BF4B-00C04F79EFBC}") = "AuthenticationService.Domain", "src\Services\AuthenticationService\Core\AuthenticationService.Domain\AuthenticationService.Domain.csproj", "{9ED95D81-763B-4E4C-9427-0104ED1D5EA4}"
EndProject
Project("{FAE04EC0-301F-11D3-BF4B-00C04F79EFBC}") = "AuthenticationService.Application", "src\Services\AuthenticationService\Core\AuthenticationService.Application\AuthenticationService.Application.csproj", "{30422B84-5C00-4820-9FEF-DDCC52431200}"
EndProject
Project("{2150E333-8FDC-42A3-9474-1A3956D46DE8}") = "Infrastructure", "Infrastructure", "{5B1A7615-5E98-47A3-B89E-2C36B904561F}"
EndProject
Project("{FAE04EC0-301F-11D3-BF4B-00C04F79EFBC}") = "AuthenticationService.Persistence", "src\Services\AuthenticationService\Infrastructure\AuthenticationService.Persistence\AuthenticationService.Persistence.csproj", "{E5233D96-623F-4B8F-88B4-3E4B0055F6C7}"
EndProject
Project("{FAE04EC0-301F-11D3-BF4B-00C04F79EFBC}") = "Demo.IntegrationTests.Core", "tests\Demo.IntegrationTests\Core\Demo.IntegrationTests.Core.csproj", "{A1B2C3D4-5678-9012-3456-789012345678}"
EndProject
Global
	GlobalSection(SolutionConfigurationPlatforms) = preSolution
		Debug|Any CPU = Debug|Any CPU
		Release|Any CPU = Release|Any CPU
	EndGlobalSection
	GlobalSection(NestedProjects) = preSolution
		{D1508064-AC1B-473B-B659-E6512671F951} = {4832FE58-B6BC-480F-BEED-6E1335612A61}
		{FCD7E645-90D8-408F-8536-2452F806AE42} = {D1508064-AC1B-473B-B659-E6512671F951}
		{05AF0B69-02A9-4202-957D-169124B28F88} = {4832FE58-B6BC-480F-BEED-6E1335612A61}
		{879FD142-BFA2-46D3-9C45-922CCBB35E9A} = {D1508064-AC1B-473B-B659-E6512671F951}
		{5A2FE364-D5D6-4AA7-AD20-ECE4C30F68BC} = {05AF0B69-02A9-4202-957D-169124B28F88}
		{EB8CF818-05FA-4F1B-8B62-2DB3A0AD7EDA} = {879FD142-BFA2-46D3-9C45-922CCBB35E9A}
		{0599ADF5-9882-414D-80AE-85A7B57AA716} = {879FD142-BFA2-46D3-9C45-922CCBB35E9A}
		{813B81E7-1938-4D54-9D47-40D30664E9F6} = {879FD142-BFA2-46D3-9C45-922CCBB35E9A}
		{37618D48-65B8-4021-9BB6-6540281C5EAE} = {FCD7E645-90D8-408F-8536-2452F806AE42}
		{0AC5CFA0-F151-42B6-8BA3-80DA933CC1A9} = {FCD7E645-90D8-408F-8536-2452F806AE42}
		{7181DC84-84A3-4388-A9B0-F8A21FD608B7} = {FCD7E645-90D8-408F-8536-2452F806AE42}
		{93E8C719-EF2B-4C2C-A4B6-80A7C155FE9E} = {37618D48-65B8-4021-9BB6-6540281C5EAE}
		{00DDF18F-78A7-4A59-820F-BFE31348E9D0} = {4832FE58-B6BC-480F-BEED-6E1335612A61}
		{28013187-CE23-463D-8054-9B63DD088DC3} = {00DDF18F-78A7-4A59-820F-BFE31348E9D0}
		{F403DCDD-3419-4B57-84D0-6A3346AD6FBF} = {0AC5CFA0-F151-42B6-8BA3-80DA933CC1A9}
		{58C10381-425A-4E4A-A9E3-CDA324D2E56C} = {7181DC84-84A3-4388-A9B0-F8A21FD608B7}
		{8FB85E59-1959-4F45-B869-BBDC6BDA5DAB} = {6CF03E11-3BA0-4BB5-A893-83A84F085C45}
		{EAF009F9-2140-4C2C-94C5-6BA616E19620} = {8FB85E59-1959-4F45-B869-BBDC6BDA5DAB}
		{0DC3BFCD-0EB1-4AB6-9ADC-416C86D74886} = {6CF03E11-3BA0-4BB5-A893-83A84F085C45}
		{3C37631E-9F25-4155-AAD5-64F4FB2352D2} = {0DC3BFCD-0EB1-4AB6-9ADC-416C86D74886}
		{B61FA9FE-9C69-486E-A26B-B96B6A5B9A45} = {0599ADF5-9882-414D-80AE-85A7B57AA716}
		{85D7DF77-9C38-4993-8782-8412BAE6C04C} = {0599ADF5-9882-414D-80AE-85A7B57AA716}
		{EAA8BB1E-3417-4E83-A69D-19442F47F770} = {813B81E7-1938-4D54-9D47-40D30664E9F6}
		{ECE8C49A-8C9E-4FE2-9068-7CAFA91B9C4F} = {EB8CF818-05FA-4F1B-8B62-2DB3A0AD7EDA}
		{E4A95DEB-39E0-4065-B65B-5D0B3FF7FBD3} = {3C37631E-9F25-4155-AAD5-64F4FB2352D2}
		{41B0319C-9F2B-44E3-BC4D-AE3FD8A6A86E} = {D1508064-AC1B-473B-B659-E6512671F951}
		{7152D5B8-E5F2-4E6B-AF55-4BC04112E3B0} = {41B0319C-9F2B-44E3-BC4D-AE3FD8A6A86E}
		{FBAFA40F-7086-4D3E-BD4F-4FC53390D013} = {7152D5B8-E5F2-4E6B-AF55-4BC04112E3B0}
		{58B84744-0BF6-4E96-9A06-29DCDCA7A7F4} = {41B0319C-9F2B-44E3-BC4D-AE3FD8A6A86E}
		{9ED95D81-763B-4E4C-9427-0104ED1D5EA4} = {58B84744-0BF6-4E96-9A06-29DCDCA7A7F4}
		{30422B84-5C00-4820-9FEF-DDCC52431200} = {58B84744-0BF6-4E96-9A06-29DCDCA7A7F4}
		{5B1A7615-5E98-47A3-B89E-2C36B904561F} = {41B0319C-9F2B-44E3-BC4D-AE3FD8A6A86E}
		{E5233D96-623F-4B8F-88B4-3E4B0055F6C7} = {5B1A7615-5E98-47A3-B89E-2C36B904561F}
		{A1B2C3D4-5678-9012-3456-789012345678} = {8FB85E59-1959-4F45-B869-BBDC6BDA5DAB}
	EndGlobalSection
	GlobalSection(ProjectConfigurationPlatforms) = postSolution
		{5A2FE364-D5D6-4AA7-AD20-ECE4C30F68BC}.Debug|Any CPU.ActiveCfg = Debug|Any CPU
		{5A2FE364-D5D6-4AA7-AD20-ECE4C30F68BC}.Debug|Any CPU.Build.0 = Debug|Any CPU
		{5A2FE364-D5D6-4AA7-AD20-ECE4C30F68BC}.Release|Any CPU.ActiveCfg = Release|Any CPU
		{5A2FE364-D5D6-4AA7-AD20-ECE4C30F68BC}.Release|Any CPU.Build.0 = Release|Any CPU
		{93E8C719-EF2B-4C2C-A4B6-80A7C155FE9E}.Debug|Any CPU.ActiveCfg = Debug|Any CPU
		{93E8C719-EF2B-4C2C-A4B6-80A7C155FE9E}.Debug|Any CPU.Build.0 = Debug|Any CPU
		{93E8C719-EF2B-4C2C-A4B6-80A7C155FE9E}.Release|Any CPU.ActiveCfg = Release|Any CPU
		{93E8C719-EF2B-4C2C-A4B6-80A7C155FE9E}.Release|Any CPU.Build.0 = Release|Any CPU
		{28013187-CE23-463D-8054-9B63DD088DC3}.Debug|Any CPU.ActiveCfg = Debug|Any CPU
		{28013187-CE23-463D-8054-9B63DD088DC3}.Debug|Any CPU.Build.0 = Debug|Any CPU
		{28013187-CE23-463D-8054-9B63DD088DC3}.Release|Any CPU.ActiveCfg = Release|Any CPU
		{28013187-CE23-463D-8054-9B63DD088DC3}.Release|Any CPU.Build.0 = Release|Any CPU
		{F403DCDD-3419-4B57-84D0-6A3346AD6FBF}.Debug|Any CPU.ActiveCfg = Debug|Any CPU
		{F403DCDD-3419-4B57-84D0-6A3346AD6FBF}.Debug|Any CPU.Build.0 = Debug|Any CPU
		{F403DCDD-3419-4B57-84D0-6A3346AD6FBF}.Release|Any CPU.ActiveCfg = Release|Any CPU
		{F403DCDD-3419-4B57-84D0-6A3346AD6FBF}.Release|Any CPU.Build.0 = Release|Any CPU
		{58C10381-425A-4E4A-A9E3-CDA324D2E56C}.Debug|Any CPU.ActiveCfg = Debug|Any CPU
		{58C10381-425A-4E4A-A9E3-CDA324D2E56C}.Debug|Any CPU.Build.0 = Debug|Any CPU
		{58C10381-425A-4E4A-A9E3-CDA324D2E56C}.Release|Any CPU.ActiveCfg = Release|Any CPU
		{58C10381-425A-4E4A-A9E3-CDA324D2E56C}.Release|Any CPU.Build.0 = Release|Any CPU
		{B61FA9FE-9C69-486E-A26B-B96B6A5B9A45}.Debug|Any CPU.ActiveCfg = Debug|Any CPU
		{B61FA9FE-9C69-486E-A26B-B96B6A5B9A45}.Debug|Any CPU.Build.0 = Debug|Any CPU
		{B61FA9FE-9C69-486E-A26B-B96B6A5B9A45}.Release|Any CPU.ActiveCfg = Release|Any CPU
		{B61FA9FE-9C69-486E-A26B-B96B6A5B9A45}.Release|Any CPU.Build.0 = Release|Any CPU
		{85D7DF77-9C38-4993-8782-8412BAE6C04C}.Debug|Any CPU.ActiveCfg = Debug|Any CPU
		{85D7DF77-9C38-4993-8782-8412BAE6C04C}.Debug|Any CPU.Build.0 = Debug|Any CPU
		{85D7DF77-9C38-4993-8782-8412BAE6C04C}.Release|Any CPU.ActiveCfg = Release|Any CPU
		{85D7DF77-9C38-4993-8782-8412BAE6C04C}.Release|Any CPU.Build.0 = Release|Any CPU
		{EAA8BB1E-3417-4E83-A69D-19442F47F770}.Debug|Any CPU.ActiveCfg = Debug|Any CPU
		{EAA8BB1E-3417-4E83-A69D-19442F47F770}.Debug|Any CPU.Build.0 = Debug|Any CPU
		{EAA8BB1E-3417-4E83-A69D-19442F47F770}.Release|Any CPU.ActiveCfg = Release|Any CPU
		{EAA8BB1E-3417-4E83-A69D-19442F47F770}.Release|Any CPU.Build.0 = Release|Any CPU
		{ECE8C49A-8C9E-4FE2-9068-7CAFA91B9C4F}.Debug|Any CPU.ActiveCfg = Debug|Any CPU
		{ECE8C49A-8C9E-4FE2-9068-7CAFA91B9C4F}.Debug|Any CPU.Build.0 = Debug|Any CPU
		{ECE8C49A-8C9E-4FE2-9068-7CAFA91B9C4F}.Release|Any CPU.ActiveCfg = Release|Any CPU
		{ECE8C49A-8C9E-4FE2-9068-7CAFA91B9C4F}.Release|Any CPU.Build.0 = Release|Any CPU
		{E4A95DEB-39E0-4065-B65B-5D0B3FF7FBD3}.Debug|Any CPU.ActiveCfg = Debug|Any CPU
		{E4A95DEB-39E0-4065-B65B-5D0B3FF7FBD3}.Debug|Any CPU.Build.0 = Debug|Any CPU
		{E4A95DEB-39E0-4065-B65B-5D0B3FF7FBD3}.Release|Any CPU.ActiveCfg = Release|Any CPU
		{E4A95DEB-39E0-4065-B65B-5D0B3FF7FBD3}.Release|Any CPU.Build.0 = Release|Any CPU
		{FBAFA40F-7086-4D3E-BD4F-4FC53390D013}.Debug|Any CPU.ActiveCfg = Debug|Any CPU
		{FBAFA40F-7086-4D3E-BD4F-4FC53390D013}.Debug|Any CPU.Build.0 = Debug|Any CPU
		{FBAFA40F-7086-4D3E-BD4F-4FC53390D013}.Release|Any CPU.ActiveCfg = Release|Any CPU
		{FBAFA40F-7086-4D3E-BD4F-4FC53390D013}.Release|Any CPU.Build.0 = Release|Any CPU
		{9ED95D81-763B-4E4C-9427-0104ED1D5EA4}.Debug|Any CPU.ActiveCfg = Debug|Any CPU
		{9ED95D81-763B-4E4C-9427-0104ED1D5EA4}.Debug|Any CPU.Build.0 = Debug|Any CPU
		{9ED95D81-763B-4E4C-9427-0104ED1D5EA4}.Release|Any CPU.ActiveCfg = Release|Any CPU
		{9ED95D81-763B-4E4C-9427-0104ED1D5EA4}.Release|Any CPU.Build.0 = Release|Any CPU
		{30422B84-5C00-4820-9FEF-DDCC52431200}.Debug|Any CPU.ActiveCfg = Debug|Any CPU
		{30422B84-5C00-4820-9FEF-DDCC52431200}.Debug|Any CPU.Build.0 = Debug|Any CPU
		{30422B84-5C00-4820-9FEF-DDCC52431200}.Release|Any CPU.ActiveCfg = Release|Any CPU
		{30422B84-5C00-4820-9FEF-DDCC52431200}.Release|Any CPU.Build.0 = Release|Any CPU
		{E5233D96-623F-4B8F-88B4-3E4B0055F6C7}.Debug|Any CPU.ActiveCfg = Debug|Any CPU
		{E5233D96-623F-4B8F-88B4-3E4B0055F6C7}.Debug|Any CPU.Build.0 = Debug|Any CPU
		{E5233D96-623F-4B8F-88B4-3E4B0055F6C7}.Release|Any CPU.ActiveCfg = Release|Any CPU
		{E5233D96-623F-4B8F-88B4-3E4B0055F6C7}.Release|Any CPU.Build.0 = Release|Any CPU
		{A1B2C3D4-5678-9012-3456-789012345678}.Debug|Any CPU.ActiveCfg = Debug|Any CPU
		{A1B2C3D4-5678-9012-3456-789012345678}.Debug|Any CPU.Build.0 = Debug|Any CPU
	EndGlobalSection
EndGlobal
